
Microsoft Visual Studio Solution File, Format Version 12.00
# Visual Studio Version 17
VisualStudioVersion = 17.3.32804.467
MinimumVisualStudioVersion = 10.0.40219.1
Project("{FAE04EC0-301F-11D3-BF4B-00C04F79EFBC}") = "AdventOfCode2022", "Day_1_1\AdventOfCode2022.csproj", "{FFF01715-85A7-4E15-8F57-37080E2E40E2}"
EndProject
Global
	GlobalSection(SolutionConfigurationPlatforms) = preSolution
		Debug|Any CPU = Debug|Any CPU
		Release|Any CPU = Release|Any CPU
	EndGlobalSection
	GlobalSection(ProjectConfigurationPlatforms) = postSolution
		{FFF01715-85A7-4E15-8F57-37080E2E40E2}.Debug|Any CPU.ActiveCfg = Debug|Any CPU
		{FFF01715-85A7-4E15-8F57-37080E2E40E2}.Debug|Any CPU.Build.0 = Debug|Any CPU
		{FFF01715-85A7-4E15-8F57-37080E2E40E2}.Release|Any CPU.ActiveCfg = Release|Any CPU
		{FFF01715-85A7-4E15-8F57-37080E2E40E2}.Release|Any CPU.Build.0 = Release|Any CPU
	EndGlobalSection
	GlobalSection(SolutionProperties) = preSolution
		HideSolutionNode = FALSE
	EndGlobalSection
	GlobalSection(ExtensibilityGlobals) = postSolution
		SolutionGuid = {6F00ED30-9230-45B9-AA75-BA75FDFA227B}
	EndGlobalSection
EndGlobal
